{
  "name": "@tom-ricci/cra-template-octobox",
  "version": "1.0.0",
  "lockfileVersion": 2,
  "requires": true,
  "packages": {
    "": {
      "name": "@tom-ricci/cra-template-octobox",
      "version": "1.0.0",
      "license": "MIT",
      "engines": {
        "node": ">=14"
      }
    }
  }
}
